PODS:
  - Capacitor (8.5.2):
    - CapacitorCordova
  - CapacitorApp (8.1.2):
    - Capacitor
  - CapacitorCommunityBluetoothLe (8.3.0):
    - Capacitor
  - CapacitorCordova (8.5.2)

DEPENDENCIES:
  - "Capacitor (from `../../node_modules/.pnpm/@capacitor+ios@8.5.2_@capacitor+core@8.5.2/node_modules/@capacitor/ios`)"
  - "CapacitorApp (from `../../node_modules/.pnpm/@capacitor+app@8.1.2_@capacitor+core@8.5.2/node_modules/@capacitor/app`)"
  - "CapacitorCommunityBluetoothLe (from `../../node_modules/.pnpm/@capacitor-community+bluetooth-le@8.3.0_@capacitor+core@8.5.2/node_modules/@capacitor-community/bluetooth-le`)"
  - "CapacitorCordova (from `../../node_modules/.pnpm/@capacitor+ios@8.5.2_@capacitor+core@8.5.2/node_modules/@capacitor/ios`)"

EXTERNAL SOURCES:
  Capacitor:
    :path: "../../node_modules/.pnpm/@capacitor+ios@8.5.2_@capacitor+core@8.5.2/node_modules/@capacitor/ios"
  CapacitorApp:
    :path: "../../node_modules/.pnpm/@capacitor+app@8.1.2_@capacitor+core@8.5.2/node_modules/@capacitor/app"
  CapacitorCommunityBluetoothLe:
    :path: "../../node_modules/.pnpm/@capacitor-community+bluetooth-le@8.3.0_@capacitor+core@8.5.2/node_modules/@capacitor-community/bluetooth-le"
  CapacitorCordova:
    :path: "../../node_modules/.pnpm/@capacitor+ios@8.5.2_@capacitor+core@8.5.2/node_modules/@capacitor/ios"

SPEC CHECKSUMS:
  Capacitor: 89067779e14fb7ea56af07b4817f45d1f0c2a269
  CapacitorApp: 7b7e43debe505bc61beedb83796aa1368c86078b
  CapacitorCommunityBluetoothLe: f9c76baa5338d206b7418c48d945d93d47800af3
  CapacitorCordova: 5bec5648cbd09a176ce34ce5e7b6cdabb2c8a327

PODFILE CHECKSUM: ff0ff9348990116aaf154d4c99f9d5b6716f51d5

COCOAPODS: 1.17.0
